github.com/jpanther/congo/v2 v2.0.0-20221019012822-cc5807bde0f3 h1:Mc28Jwj0sx8FxufRx7LrAkh1QQHNPAp1UZDTLsCRTzc=
github.com/jpanther/congo/v2 v2.0.0-20221019012822-cc5807bde0f3/go.mod h1:1S7DRoO1ZYS4YUdFd1LjTkdyjQwsjFWd8TqSfz3Jd+M=
github.com/jpanther/congo/v2 v2.3.1 h1:klMXan3u9ix/OBN2jnQjdoaCkp2Qpqm/3D4G2+ccvvk=
github.com/jpanther/congo/v2 v2.3.1/go.mod h1:1S7DRoO1ZYS4YUdFd1LjTkdyjQwsjFWd8TqSfz3Jd+M=
